
Microsoft Visual Studio Solution File, Format Version 12.00
# Visual Studio Version 17
VisualStudioVersion = 17.6.33815.320
MinimumVisualStudioVersion = 10.0.40219.1
Project("{9A19103F-16F7-4668-BE54-9A1E7A4F7556}") = "DSED_module6_ConsommateurComptes", "DSED_module6_ConsommateurComptes\DSED_module6_ConsommateurComptes.csproj", "{BB03AEA8-6D97-404F-98BD-99913E35E9B2}"
EndProject
Project("{9A19103F-16F7-4668-BE54-9A1E7A4F7556}") = "DSED_Module6_ConsommateurLettreMorte", "DSED_Module6_ConsommateurLettreMorte\DSED_Module6_ConsommateurLettreMorte.csproj", "{22C4F2AC-EC2C-4AFD-9C3A-170B50F25789}"
EndProject
Project("{9A19103F-16F7-4668-BE54-9A1E7A4F7556}") = "DSED_Module6_Entite", "DSED_Module6_Compte\DSED_Module6_Entite.csproj", "{10045A79-FAE7-4B2D-8CA4-D71DDCFE6625}"
EndProject
Project("{9A19103F-16F7-4668-BE54-9A1E7A4F7556}") = "DSED_Module6_DAL_SQLServer", "DSED_Module6_DAL_SQLServer\DSED_Module6_DAL_SQLServer.csproj", "{0153148E-E33C-4C5C-BA2B-022943BB2E7B}"
EndProject
Project("{FAE04EC0-301F-11D3-BF4B-00C04F79EFBC}") = "DSED_Module6_CompteBanquaire", "DSED_Module6_CompteBanquaire\DSED_Module6_CompteBanquaire.csproj", "{780F14F8-6C28-407B-8EB4-DE52D2CA7F29}"
EndProject
Global
	GlobalSection(SolutionConfigurationPlatforms) = preSolution
		Debug|Any CPU = Debug|Any CPU
		Release|Any CPU = Release|Any CPU
	EndGlobalSection
	GlobalSection(ProjectConfigurationPlatforms) = postSolution
		{BB03AEA8-6D97-404F-98BD-99913E35E9B2}.Debug|Any CPU.ActiveCfg = Debug|Any CPU
		{BB03AEA8-6D97-404F-98BD-99913E35E9B2}.Debug|Any CPU.Build.0 = Debug|Any CPU
		{BB03AEA8-6D97-404F-98BD-99913E35E9B2}.Release|Any CPU.ActiveCfg = Release|Any CPU
		{BB03AEA8-6D97-404F-98BD-99913E35E9B2}.Release|Any CPU.Build.0 = Release|Any CPU
		{22C4F2AC-EC2C-4AFD-9C3A-170B50F25789}.Debug|Any CPU.ActiveCfg = Debug|Any CPU
		{22C4F2AC-EC2C-4AFD-9C3A-170B50F25789}.Debug|Any CPU.Build.0 = Debug|Any CPU
		{22C4F2AC-EC2C-4AFD-9C3A-170B50F25789}.Release|Any CPU.ActiveCfg = Release|Any CPU
		{22C4F2AC-EC2C-4AFD-9C3A-170B50F25789}.Release|Any CPU.Build.0 = Release|Any CPU
		{10045A79-FAE7-4B2D-8CA4-D71DDCFE6625}.Debug|Any CPU.ActiveCfg = Debug|Any CPU
		{10045A79-FAE7-4B2D-8CA4-D71DDCFE6625}.Debug|Any CPU.Build.0 = Debug|Any CPU
		{10045A79-FAE7-4B2D-8CA4-D71DDCFE6625}.Release|Any CPU.ActiveCfg = Release|Any CPU
		{10045A79-FAE7-4B2D-8CA4-D71DDCFE6625}.Release|Any CPU.Build.0 = Release|Any CPU
		{0153148E-E33C-4C5C-BA2B-022943BB2E7B}.Debug|Any CPU.ActiveCfg = Debug|Any CPU
		{0153148E-E33C-4C5C-BA2B-022943BB2E7B}.Debug|Any CPU.Build.0 = Debug|Any CPU
		{0153148E-E33C-4C5C-BA2B-022943BB2E7B}.Release|Any CPU.ActiveCfg = Release|Any CPU
		{0153148E-E33C-4C5C-BA2B-022943BB2E7B}.Release|Any CPU.Build.0 = Release|Any CPU
		{780F14F8-6C28-407B-8EB4-DE52D2CA7F29}.Debug|Any CPU.ActiveCfg = Debug|Any CPU
		{780F14F8-6C28-407B-8EB4-DE52D2CA7F29}.Debug|Any CPU.Build.0 = Debug|Any CPU
		{780F14F8-6C28-407B-8EB4-DE52D2CA7F29}.Release|Any CPU.ActiveCfg = Release|Any CPU
		{780F14F8-6C28-407B-8EB4-DE52D2CA7F29}.Release|Any CPU.Build.0 = Release|Any CPU
	EndGlobalSection
	GlobalSection(SolutionProperties) = preSolution
		HideSolutionNode = FALSE
	EndGlobalSection
	GlobalSection(ExtensibilityGlobals) = postSolution
		SolutionGuid = {2DD8112F-9BC1-4A85-B3A4-FB97614AC858}
	EndGlobalSection
EndGlobal
